
Microsoft Visual Studio Solution File, Format Version 12.00
# Visual Studio Version 17
VisualStudioVersion = 17.12.35506.116 d17.12
MinimumVisualStudioVersion = 10.0.40219.1
Project("{FAE04EC0-301F-11D3-BF4B-00C04F79EFBC}") = "Info Lenguajes.Android", "Info Lenguajes.Android\Info Lenguajes.Android.csproj", "{52129F81-DF1A-469F-B0C3-511042D3BE84}"
EndProject
Project("{FAE04EC0-301F-11D3-BF4B-00C04F79EFBC}") = "Info Lenguajes.iOS", "Info Lenguajes.iOS\Info Lenguajes.iOS.csproj", "{1B7D7363-D765-406C-BB36-73AACC41FC26}"
EndProject
Project("{FAE04EC0-301F-11D3-BF4B-00C04F79EFBC}") = "Info Lenguajes", "Info Lenguajes\Info Lenguajes.csproj", "{D3AE2FA6-BCE4-43B5-8E60-D91E006960F8}"
EndProject
Global
	GlobalSection(SolutionConfigurationPlatforms) = preSolution
		Debug|Any CPU = Debug|Any CPU
		Release|Any CPU = Release|Any CPU
	EndGlobalSection
	GlobalSection(ProjectConfigurationPlatforms) = postSolution
		{52129F81-DF1A-469F-B0C3-511042D3BE84}.Debug|Any CPU.ActiveCfg = Debug|Any CPU
		{52129F81-DF1A-469F-B0C3-511042D3BE84}.Debug|Any CPU.Build.0 = Debug|Any CPU
		{52129F81-DF1A-469F-B0C3-511042D3BE84}.Debug|Any CPU.Deploy.0 = Debug|Any CPU
		{52129F81-DF1A-469F-B0C3-511042D3BE84}.Release|Any CPU.ActiveCfg = Release|Any CPU
		{52129F81-DF1A-469F-B0C3-511042D3BE84}.Release|Any CPU.Build.0 = Release|Any CPU
		{52129F81-DF1A-469F-B0C3-511042D3BE84}.Release|Any CPU.Deploy.0 = Release|Any CPU
		{1B7D7363-D765-406C-BB36-73AACC41FC26}.Debug|Any CPU.ActiveCfg = Debug|iPhone
		{1B7D7363-D765-406C-BB36-73AACC41FC26}.Debug|Any CPU.Build.0 = Debug|iPhone
		{1B7D7363-D765-406C-BB36-73AACC41FC26}.Debug|Any CPU.Deploy.0 = Debug|iPhone
		{1B7D7363-D765-406C-BB36-73AACC41FC26}.Release|Any CPU.ActiveCfg = Release|iPhoneSimulator
		{1B7D7363-D765-406C-BB36-73AACC41FC26}.Release|Any CPU.Build.0 = Release|iPhoneSimulator
		{1B7D7363-D765-406C-BB36-73AACC41FC26}.Release|Any CPU.Deploy.0 = Release|iPhoneSimulator
		{D3AE2FA6-BCE4-43B5-8E60-D91E006960F8}.Debug|Any CPU.ActiveCfg = Debug|Any CPU
		{D3AE2FA6-BCE4-43B5-8E60-D91E006960F8}.Debug|Any CPU.Build.0 = Debug|Any CPU
		{D3AE2FA6-BCE4-43B5-8E60-D91E006960F8}.Debug|Any CPU.Deploy.0 = Debug|Any CPU
		{D3AE2FA6-BCE4-43B5-8E60-D91E006960F8}.Release|Any CPU.ActiveCfg = Release|Any CPU
		{D3AE2FA6-BCE4-43B5-8E60-D91E006960F8}.Release|Any CPU.Build.0 = Release|Any CPU
		{D3AE2FA6-BCE4-43B5-8E60-D91E006960F8}.Release|Any CPU.Deploy.0 = Release|Any CPU
	EndGlobalSection
	GlobalSection(SolutionProperties) = preSolution
		HideSolutionNode = FALSE
	EndGlobalSection
EndGlobal
