
Microsoft Visual Studio Solution File, Format Version 12.00
# Visual Studio Version 17
VisualStudioVersion = 17.12.35506.116 d17.12
MinimumVisualStudioVersion = 10.0.40219.1
Project("{FAE04EC0-301F-11D3-BF4B-00C04F79EFBC}") = "Geologia 2.0.Android", "Geologia 2.0.Android\Geologia 2.0.Android.csproj", "{C71ACE63-2285-4B94-8ED4-18681959C7C3}"
EndProject
Project("{FAE04EC0-301F-11D3-BF4B-00C04F79EFBC}") = "Geologia 2.0.iOS", "Geologia 2.0.iOS\Geologia 2.0.iOS.csproj", "{86605955-D57F-4649-9816-41492C2EE0E6}"
EndProject
Project("{FAE04EC0-301F-11D3-BF4B-00C04F79EFBC}") = "Geologia 2.0", "Geologia 2.0\Geologia 2.0.csproj", "{67A1100D-4958-4B22-9B68-576BE5DD8884}"
EndProject
Global
	GlobalSection(SolutionConfigurationPlatforms) = preSolution
		Debug|Any CPU = Debug|Any CPU
		Release|Any CPU = Release|Any CPU
	EndGlobalSection
	GlobalSection(ProjectConfigurationPlatforms) = postSolution
		{C71ACE63-2285-4B94-8ED4-18681959C7C3}.Debug|Any CPU.ActiveCfg = Debug|Any CPU
		{C71ACE63-2285-4B94-8ED4-18681959C7C3}.Debug|Any CPU.Build.0 = Debug|Any CPU
		{C71ACE63-2285-4B94-8ED4-18681959C7C3}.Debug|Any CPU.Deploy.0 = Debug|Any CPU
		{C71ACE63-2285-4B94-8ED4-18681959C7C3}.Release|Any CPU.ActiveCfg = Release|Any CPU
		{C71ACE63-2285-4B94-8ED4-18681959C7C3}.Release|Any CPU.Build.0 = Release|Any CPU
		{C71ACE63-2285-4B94-8ED4-18681959C7C3}.Release|Any CPU.Deploy.0 = Release|Any CPU
		{86605955-D57F-4649-9816-41492C2EE0E6}.Debug|Any CPU.ActiveCfg = Debug|iPhone
		{86605955-D57F-4649-9816-41492C2EE0E6}.Debug|Any CPU.Build.0 = Debug|iPhone
		{86605955-D57F-4649-9816-41492C2EE0E6}.Debug|Any CPU.Deploy.0 = Debug|iPhone
		{86605955-D57F-4649-9816-41492C2EE0E6}.Release|Any CPU.ActiveCfg = Release|iPhoneSimulator
		{86605955-D57F-4649-9816-41492C2EE0E6}.Release|Any CPU.Build.0 = Release|iPhoneSimulator
		{86605955-D57F-4649-9816-41492C2EE0E6}.Release|Any CPU.Deploy.0 = Release|iPhoneSimulator
		{67A1100D-4958-4B22-9B68-576BE5DD8884}.Debug|Any CPU.ActiveCfg = Debug|Any CPU
		{67A1100D-4958-4B22-9B68-576BE5DD8884}.Debug|Any CPU.Build.0 = Debug|Any CPU
		{67A1100D-4958-4B22-9B68-576BE5DD8884}.Debug|Any CPU.Deploy.0 = Debug|Any CPU
		{67A1100D-4958-4B22-9B68-576BE5DD8884}.Release|Any CPU.ActiveCfg = Release|Any CPU
		{67A1100D-4958-4B22-9B68-576BE5DD8884}.Release|Any CPU.Build.0 = Release|Any CPU
		{67A1100D-4958-4B22-9B68-576BE5DD8884}.Release|Any CPU.Deploy.0 = Release|Any CPU
	EndGlobalSection
	GlobalSection(SolutionProperties) = preSolution
		HideSolutionNode = FALSE
	EndGlobalSection
EndGlobal
